
Microsoft Visual Studio Solution File, Format Version 12.00
# Visual Studio Version 16
VisualStudioVersion = 16.0.31605.320
MinimumVisualStudioVersion = 10.0.40219.1
Project("{FAE04EC0-301F-11D3-BF4B-00C04F79EFBC}") = "PipelineTestProject", "PipelineTestProject\PipelineTestProject.csproj", "{AF5A3053-788F-49E8-8B1E-1F3295BF240C}"
EndProject
Global
	GlobalSection(SolutionConfigurationPlatforms) = preSolution
		Debug|Any CPU = Debug|Any CPU
		Release|Any CPU = Release|Any CPU
	EndGlobalSection
	GlobalSection(ProjectConfigurationPlatforms) = postSolution
		{AF5A3053-788F-49E8-8B1E-1F3295BF240C}.Debug|Any CPU.ActiveCfg = Debug|Any CPU
		{AF5A3053-788F-49E8-8B1E-1F3295BF240C}.Debug|Any CPU.Build.0 = Debug|Any CPU
		{AF5A3053-788F-49E8-8B1E-1F3295BF240C}.Release|Any CPU.ActiveCfg = Release|Any CPU
		{AF5A3053-788F-49E8-8B1E-1F3295BF240C}.Release|Any CPU.Build.0 = Release|Any CPU
	EndGlobalSection
	GlobalSection(SolutionProperties) = preSolution
		HideSolutionNode = FALSE
	EndGlobalSection
	GlobalSection(ExtensibilityGlobals) = postSolution
		SolutionGuid = {5BDCCBE2-CEBB-465B-8690-4FAF0C42D77F}
	EndGlobalSection
EndGlobal
